
Microsoft Visual Studio Solution File, Format Version 12.00
# Visual Studio 15
VisualStudioVersion = 15.0.28307.539
MinimumVisualStudioVersion = 10.0.40219.1
Project("{159641D6-6404-4A2A-AE62-294DE0FE8301}") = "Yelp2", "Yelp2\Yelp2.dtproj", "{DB9472E6-221C-4D6F-A4A3-A4054279664A}"
EndProject
Global
	GlobalSection(SolutionConfigurationPlatforms) = preSolution
		Development|Default = Development|Default
	EndGlobalSection
	GlobalSection(ProjectConfigurationPlatforms) = postSolution
		{DB9472E6-221C-4D6F-A4A3-A4054279664A}.Development|Default.ActiveCfg = Development
		{DB9472E6-221C-4D6F-A4A3-A4054279664A}.Development|Default.Build.0 = Development
	EndGlobalSection
	GlobalSection(SolutionProperties) = preSolution
		HideSolutionNode = FALSE
	EndGlobalSection
	GlobalSection(ExtensibilityGlobals) = postSolution
		SolutionGuid = {FC11DBCE-F913-47D7-B31E-5601301FA1A5}
	EndGlobalSection
EndGlobal
